
Microsoft Visual Studio Solution File, Format Version 12.00
# Visual Studio Version 17
VisualStudioVersion = 17.6.33723.286
MinimumVisualStudioVersion = 10.0.40219.1
Project("{2150E333-8FDC-42A3-9474-1A3956D46DE8}") = "src", "src", "{91927A48-FE66-4083-8F03-EEAFA974C86C}"
EndProject
Project("{2150E333-8FDC-42A3-9474-1A3956D46DE8}") = "tests", "tests", "{5CD86CD0-0B02-47B4-9633-5C65875733FC}"
	ProjectSection(SolutionItems) = preProject
		tests\Directory.build.props = tests\Directory.build.props
	EndProjectSection
EndProject
Project("{9A19103F-16F7-4668-BE54-9A1E7A4F7556}") = "ProjectA", "src\ProjectA\ProjectA.csproj", "{B2641D3B-1DE4-462D-BBBF-6874EFC3B7D0}"
EndProject
Project("{9A19103F-16F7-4668-BE54-9A1E7A4F7556}") = "ProjectB", "src\ProjectB\ProjectB.csproj", "{76DB371A-4871-417B-8CD5-38F4250050BF}"
EndProject
Project("{9A19103F-16F7-4668-BE54-9A1E7A4F7556}") = "ProjectA.Tests", "tests\ProjectA.Tests\ProjectA.Tests.csproj", "{01777C80-CDE9-49C7-8FAD-590CAF9E8E23}"
EndProject
Project("{9A19103F-16F7-4668-BE54-9A1E7A4F7556}") = "ProjectB.Tests", "tests\ProjectB.Tests\ProjectB.Tests.csproj", "{FA79411B-61D5-40E5-8E5C-B832E5E57BBD}"
EndProject
Project("{2150E333-8FDC-42A3-9474-1A3956D46DE8}") = "Solution Items", "Solution Items", "{CF9FA02D-AA0B-4A3A-8CF0-F1124FA43B43}"
	ProjectSection(SolutionItems) = preProject
		Directory.build.props = Directory.build.props
	EndProjectSection
EndProject
Global
	GlobalSection(SolutionConfigurationPlatforms) = preSolution
		Debug|x64 = Debug|x64
		Release|x64 = Release|x64
	EndGlobalSection
	GlobalSection(ProjectConfigurationPlatforms) = postSolution
		{B2641D3B-1DE4-462D-BBBF-6874EFC3B7D0}.Debug|x64.ActiveCfg = Debug|Any CPU
		{B2641D3B-1DE4-462D-BBBF-6874EFC3B7D0}.Debug|x64.Build.0 = Debug|Any CPU
		{B2641D3B-1DE4-462D-BBBF-6874EFC3B7D0}.Release|x64.ActiveCfg = Release|Any CPU
		{B2641D3B-1DE4-462D-BBBF-6874EFC3B7D0}.Release|x64.Build.0 = Release|Any CPU
		{76DB371A-4871-417B-8CD5-38F4250050BF}.Debug|x64.ActiveCfg = Debug|Any CPU
		{76DB371A-4871-417B-8CD5-38F4250050BF}.Debug|x64.Build.0 = Debug|Any CPU
		{76DB371A-4871-417B-8CD5-38F4250050BF}.Release|x64.ActiveCfg = Release|Any CPU
		{76DB371A-4871-417B-8CD5-38F4250050BF}.Release|x64.Build.0 = Release|Any CPU
		{01777C80-CDE9-49C7-8FAD-590CAF9E8E23}.Debug|x64.ActiveCfg = Debug|Any CPU
		{01777C80-CDE9-49C7-8FAD-590CAF9E8E23}.Debug|x64.Build.0 = Debug|Any CPU
		{01777C80-CDE9-49C7-8FAD-590CAF9E8E23}.Release|x64.ActiveCfg = Release|Any CPU
		{01777C80-CDE9-49C7-8FAD-590CAF9E8E23}.Release|x64.Build.0 = Release|Any CPU
		{FA79411B-61D5-40E5-8E5C-B832E5E57BBD}.Debug|x64.ActiveCfg = Debug|Any CPU
		{FA79411B-61D5-40E5-8E5C-B832E5E57BBD}.Debug|x64.Build.0 = Debug|Any CPU
		{FA79411B-61D5-40E5-8E5C-B832E5E57BBD}.Release|x64.ActiveCfg = Release|Any CPU
		{FA79411B-61D5-40E5-8E5C-B832E5E57BBD}.Release|x64.Build.0 = Release|Any CPU
	EndGlobalSection
	GlobalSection(SolutionProperties) = preSolution
		HideSolutionNode = FALSE
	EndGlobalSection
	GlobalSection(NestedProjects) = preSolution
		{B2641D3B-1DE4-462D-BBBF-6874EFC3B7D0} = {91927A48-FE66-4083-8F03-EEAFA974C86C}
		{76DB371A-4871-417B-8CD5-38F4250050BF} = {91927A48-FE66-4083-8F03-EEAFA974C86C}
		{01777C80-CDE9-49C7-8FAD-590CAF9E8E23} = {5CD86CD0-0B02-47B4-9633-5C65875733FC}
		{FA79411B-61D5-40E5-8E5C-B832E5E57BBD} = {5CD86CD0-0B02-47B4-9633-5C65875733FC}
	EndGlobalSection
	GlobalSection(ExtensibilityGlobals) = postSolution
		SolutionGuid = {40DE902E-DB50-4D7C-A519-E6DC61D0059A}
	EndGlobalSection
EndGlobal
