<Solution>
  <Folder Name="/Solution Items/">
    <File Path="Directory.build.props" />
  </Folder>
  <Folder Name="/src/">
    <Project Path="src/ProjectA/ProjectA.csproj" />
    <Project Path="src/ProjectB/ProjectB.csproj" />
  </Folder>
  <Folder Name="/tests/">
    <File Path="tests/Directory.build.props" />
    <Project Path="tests/ProjectA.Tests/ProjectA.Tests.csproj" />
    <Project Path="tests/ProjectB.Tests/ProjectB.Tests.csproj" />
  </Folder>
  <Folder Name="/tests-integration/">
    <Project Path="tests-integration/IntegrationTests/IntegrationTests.csproj" />
  </Folder>
</Solution>
